
Microsoft Visual Studio Solution File, Format Version 12.00
# Visual Studio Version 16
VisualStudioVersion = 16.0.30907.101
MinimumVisualStudioVersion = 10.0.40219.1
Project("{FAE04EC0-301F-11D3-BF4B-00C04F79EFBC}") = "Csharp-Palindrome", "Csharp-Palindrome\Csharp-Palindrome.csproj", "{BCE6E1FD-2C11-44C2-AEB5-2ED8573639CF}"
EndProject
Global
	GlobalSection(SolutionConfigurationPlatforms) = preSolution
		Debug|Any CPU = Debug|Any CPU
		Release|Any CPU = Release|Any CPU
	EndGlobalSection
	GlobalSection(ProjectConfigurationPlatforms) = postSolution
		{BCE6E1FD-2C11-44C2-AEB5-2ED8573639CF}.Debug|Any CPU.ActiveCfg = Debug|Any CPU
		{BCE6E1FD-2C11-44C2-AEB5-2ED8573639CF}.Debug|Any CPU.Build.0 = Debug|Any CPU
		{BCE6E1FD-2C11-44C2-AEB5-2ED8573639CF}.Release|Any CPU.ActiveCfg = Release|Any CPU
		{BCE6E1FD-2C11-44C2-AEB5-2ED8573639CF}.Release|Any CPU.Build.0 = Release|Any CPU
	EndGlobalSection
	GlobalSection(SolutionProperties) = preSolution
		HideSolutionNode = FALSE
	EndGlobalSection
	GlobalSection(ExtensibilityGlobals) = postSolution
		SolutionGuid = {062F4E2B-8F2E-4B1A-9162-EC86432D5932}
	EndGlobalSection
EndGlobal
